
Microsoft Visual Studio Solution File, Format Version 12.00
# Visual Studio Version 16
VisualStudioVersion = 16.0.30717.126
MinimumVisualStudioVersion = 10.0.40219.1
Project("{FAE04EC0-301F-11D3-BF4B-00C04F79EFBC}") = "CSH2_Tag_09_MultiCast_ReturnValues", "CSH2_Tag_09_MultiCast_ReturnValues\CSH2_Tag_09_MultiCast_ReturnValues.csproj", "{278957EF-E1DE-43F0-82E6-8ABBD23390C8}"
EndProject
Global
	GlobalSection(SolutionConfigurationPlatforms) = preSolution
		Debug|Any CPU = Debug|Any CPU
		Release|Any CPU = Release|Any CPU
	EndGlobalSection
	GlobalSection(ProjectConfigurationPlatforms) = postSolution
		{278957EF-E1DE-43F0-82E6-8ABBD23390C8}.Debug|Any CPU.ActiveCfg = Debug|Any CPU
		{278957EF-E1DE-43F0-82E6-8ABBD23390C8}.Debug|Any CPU.Build.0 = Debug|Any CPU
		{278957EF-E1DE-43F0-82E6-8ABBD23390C8}.Release|Any CPU.ActiveCfg = Release|Any CPU
		{278957EF-E1DE-43F0-82E6-8ABBD23390C8}.Release|Any CPU.Build.0 = Release|Any CPU
	EndGlobalSection
	GlobalSection(SolutionProperties) = preSolution
		HideSolutionNode = FALSE
	EndGlobalSection
	GlobalSection(ExtensibilityGlobals) = postSolution
		SolutionGuid = {30696115-5191-4AE1-9255-066240027359}
	EndGlobalSection
EndGlobal
